<?xml version="1.0" encoding="utf-8"?>
<Project ToolsVersion="4.0" xmlns="http://schemas.microsoft.com/developer/msbuild/2003">
  <ItemGroup>
    <Filter Include="Source Files">
      <UniqueIdentifier>{4FC737F1-C7A5-4376-A066-2A32D752A2FF}</UniqueIdentifier>
      <Extensions>cpp;c;cc;cxx;c++;cppm;ixx;def;odl;idl;hpj;bat;asm;asmx</Extensions>
    </Filter>
    <Filter Include="Header Files">
      <UniqueIdentifier>{93995380-89BD-4b04-88EB-625FBE52EBFB}</UniqueIdentifier>
      <Extensions>h;hh;hpp;hxx;h++;hm;inl;inc;ipp;xsd</Extensions>
    </Filter>
    <Filter Include="Resource Files">
      <UniqueIdentifier>{67DA6AB6-F800-4c08-8B7A-83BB121AAD01}</UniqueIdentifier>
      <Extensions>rc;ico;cur;bmp;dlg;rc2;rct;bin;rgs;gif;jpg;jpeg;jpe;resx;tiff;tif;png;wav;mfcribbon-ms</Extensions>
    </Filter>
    <Filter Include="Resource Files\flags">
      <UniqueIdentifier>{bd5cb734-441a-4841-a75b-a667dbd45d90}</UniqueIdentifier>
    </Filter>
    <Filter Include="Header Files\Game">
      <UniqueIdentifier>{33bcd700-4515-46ff-8420-9956d4ed1cc1}</UniqueIdentifier>
    </Filter>
    <Filter Include="Source Files\Game">
      <UniqueIdentifier>{9a0bc67f-ae3a-43a9-b85c-2bde108234eb}</UniqueIdentifier>
    </Filter>
    <Filter Include="Header Files\Engine">
      <UniqueIdentifier>{0826a076-6843-4b3a-971e-9e964f0ff72a}</UniqueIdentifier>
    </Filter>
    <Filter Include="Source Files\Engine">
      <UniqueIdentifier>{8a8c2168-45b7-4dda-a866-960beb9a521a}</UniqueIdentifier>
    </Filter>
  </ItemGroup>
  <ItemGroup>
    <ClCompile Include="SeaBlue.cpp">
      <Filter>Source Files</Filter>
    </ClCompile>
    <ClCompile Include="BMPReader.cpp">
      <Filter>Source Files</Filter>
    </ClCompile>
    <ClCompile Include="Nation.cpp">
      <Filter>Source Files\Game</Filter>
    </ClCompile>
    <ClCompile Include="Graphics.cpp">
      <Filter>Source Files\Engine</Filter>
    </ClCompile>
    <ClCompile Include="Physics.cpp">
      <Filter>Source Files\Engine</Filter>
    </ClCompile>
  </ItemGroup>
  <ItemGroup>
    <ClInclude Include="SeaBlue.h">
      <Filter>Header Files</Filter>
    </ClInclude>
    <ClInclude Include="framework.h">
      <Filter>Header Files</Filter>
    </ClInclude>
    <ClInclude Include="SeaBlueCore.h">
      <Filter>Header Files</Filter>
    </ClInclude>
    <ClInclude Include="BMPReader.h">
      <Filter>Header Files</Filter>
    </ClInclude>
    <ClInclude Include="Nation.h">
      <Filter>Header Files\Game</Filter>
    </ClInclude>
    <ClInclude Include="Graphics.h">
      <Filter>Header Files\Engine</Filter>
    </ClInclude>
    <ClInclude Include="Physics.h">
      <Filter>Header Files\Engine</Filter>
    </ClInclude>
  </ItemGroup>
  <ItemGroup>
    <Image Include="flags\uk_flag.bmp">
      <Filter>Resource Files\flags</Filter>
    </Image>
    <Image Include="flags\ottoman_flag.bmp">
      <Filter>Resource Files\flags</Filter>
    </Image>
    <Image Include="flags\usa_flag.bmp">
      <Filter>Resource Files\flags</Filter>
    </Image>
  </ItemGroup>
  <ItemGroup>
    <Text Include="worldmap.txt">
      <Filter>Resource Files</Filter>
    </Text>
    <Text Include="colormap.txt">
      <Filter>Resource Files</Filter>
    </Text>
    <Text Include="start.txt">
      <Filter>Resource Files</Filter>
    </Text>
  </ItemGroup>
</Project>